
Microsoft Visual Studio Solution File, Format Version 11.00
# Visual Studio 2010
Project("{8BC9CEB8-8B4A-11D0-8D11-00A0C91BC942}") = "Create_Thread", "Create_Thread\Create_Thread.vcxproj", "{A6D94567-88E2-4447-9F90-1AEDD635558D}"
EndProject
Global
	GlobalSection(SolutionConfigurationPlatforms) = preSolution
		Debug|Win32 = Debug|Win32
		Release|Win32 = Release|Win32
	EndGlobalSection
	GlobalSection(ProjectConfigurationPlatforms) = postSolution
		{A6D94567-88E2-4447-9F90-1AEDD635558D}.Debug|Win32.ActiveCfg = Debug|Win32
		{A6D94567-88E2-4447-9F90-1AEDD635558D}.Debug|Win32.Build.0 = Debug|Win32
		{A6D94567-88E2-4447-9F90-1AEDD635558D}.Release|Win32.ActiveCfg = Release|Win32
		{A6D94567-88E2-4447-9F90-1AEDD635558D}.Release|Win32.Build.0 = Release|Win32
	EndGlobalSection
	GlobalSection(SolutionProperties) = preSolution
		HideSolutionNode = FALSE
	EndGlobalSection
EndGlobal
